// !$*UTF8*$!
{
	archiveVersion = 1;
	classes = {
	};
	objectVersion = 56;
	objects = {

/* Begin PBXBuildFile section */
		5D27AF802E635A7E000E7BC2 /* CharacterFilter in Frameworks */ = {isa = PBXBuildFile; productRef = 5D27AF7F2E635A7E000E7BC2 /* CharacterFilter */; };
		5D27AF822E635A7E000E7BC2 /* IPADic in Frameworks */ = {isa = PBXBuildFile; productRef = 5D27AF812E635A7E000E7BC2 /* IPADic */; };
		5D27AF842E635A7E000E7BC2 /* Mecab-Swift in Frameworks */ = {isa = PBXBuildFile; productRef = 5D27AF832E635A7E000E7BC2 /* Mecab-Swift */; };
		5D27AF862E635A7E000E7BC2 /* StringTools in Frameworks */ = {isa = PBXBuildFile; productRef = 5D27AF852E635A7E000E7BC2 /* StringTools */; };
		5D357B162E5F575B000A59EA /* LinguaGlassApp.swift in Sources */ = {isa = PBXBuildFile; fileRef = 5D357B152E5F575B000A59EA /* LinguaGlassApp.swift */; };
		5D357B182E5F575B000A59EA /* MainView.swift in Sources */ = {isa = PBXBuildFile; fileRef = 5D357B172E5F575B000A59EA /* MainView.swift */; };
		5D357B1A2E5F575E000A59EA /* Assets.xcassets in Resources */ = {isa = PBXBuildFile; fileRef = 5D357B192E5F575E000A59EA /* Assets.xcassets */; };
		5D357B1D2E5F575E000A59EA /* Preview Assets.xcassets in Resources */ = {isa = PBXBuildFile; fileRef = 5D357B1C2E5F575E000A59EA /* Preview Assets.xcassets */; };
		5D357B272E5F6737000A59EA /* WebPage.swift in Sources */ = {isa = PBXBuildFile; fileRef = 5D357B262E5F6737000A59EA /* WebPage.swift */; };
		5D357B292E5F675E000A59EA /* WebBrowserState.swift in Sources */ = {isa = PBXBuildFile; fileRef = 5D357B282E5F675E000A59EA /* WebBrowserState.swift */; };
		5D357B2B2E5F6795000A59EA /* WebBrowserViewModel.swift in Sources */ = {isa = PBXBuildFile; fileRef = 5D357B2A2E5F6795000A59EA /* WebBrowserViewModel.swift */; };
		5D357B2D2E5F67DF000A59EA /* WebPersistanceService.swift in Sources */ = {isa = PBXBuildFile; fileRef = 5D357B2C2E5F67DF000A59EA /* WebPersistanceService.swift */; };
		5D357B2F2E5F6830000A59EA /* WebBrowserView.swift in Sources */ = {isa = PBXBuildFile; fileRef = 5D357B2E2E5F6830000A59EA /* WebBrowserView.swift */; };
		5D357B3E2E5F8961000A59EA /* HeaderView.swift in Sources */ = {isa = PBXBuildFile; fileRef = 5D357B3D2E5F8961000A59EA /* HeaderView.swift */; };
		5D357B402E5F8981000A59EA /* HeaderViewModel.swift in Sources */ = {isa = PBXBuildFile; fileRef = 5D357B3F2E5F8981000A59EA /* HeaderViewModel.swift */; };
		5D357B422E5F9ABC000A59EA /* SettingsModels.swift in Sources */ = {isa = PBXBuildFile; fileRef = 5D357B412E5F9ABC000A59EA /* SettingsModels.swift */; };
		5D357B482E5FBAD6000A59EA /* SettingsViewModel.swift in Sources */ = {isa = PBXBuildFile; fileRef = 5D357B472E5FBAD6000A59EA /* SettingsViewModel.swift */; };
		5D357B4A2E5FBB6B000A59EA /* SettingsView.swift in Sources */ = {isa = PBXBuildFile; fileRef = 5D357B492E5FBB6B000A59EA /* SettingsView.swift */; };
		5D357B652E5FE110000A59EA /* OCROptions.swift in Sources */ = {isa = PBXBuildFile; fileRef = 5D357B642E5FE110000A59EA /* OCROptions.swift */; };
		5D357B672E5FE195000A59EA /* OCRSelectionOverlayView.swift in Sources */ = {isa = PBXBuildFile; fileRef = 5D357B662E5FE195000A59EA /* OCRSelectionOverlayView.swift */; };
		5D357B692E5FE1F5000A59EA /* OCRGestureHandler.swift in Sources */ = {isa = PBXBuildFile; fileRef = 5D357B682E5FE1F5000A59EA /* OCRGestureHandler.swift */; };
		5D357B6B2E5FE27A000A59EA /* OCRCaptureService.swift in Sources */ = {isa = PBXBuildFile; fileRef = 5D357B6A2E5FE27A000A59EA /* OCRCaptureService.swift */; };
		5D357B6D2E5FE29D000A59EA /* ImageOCR.swift in Sources */ = {isa = PBXBuildFile; fileRef = 5D357B6C2E5FE29D000A59EA /* ImageOCR.swift */; };
		5D357B6F2E5FE306000A59EA /* OCRService.swift in Sources */ = {isa = PBXBuildFile; fileRef = 5D357B6E2E5FE306000A59EA /* OCRService.swift */; };
		5D357B722E5FEA76000A59EA /* Tesseract+PageSegmentation.swift in Sources */ = {isa = PBXBuildFile; fileRef = 5D357B712E5FEA76000A59EA /* Tesseract+PageSegmentation.swift */; };
		5D357B742E5FEAAA000A59EA /* TesseractOCR.swift in Sources */ = {isa = PBXBuildFile; fileRef = 5D357B732E5FEAAA000A59EA /* TesseractOCR.swift */; };
		5D357B772E5FEBBF000A59EA /* SwiftyTesseract in Frameworks */ = {isa = PBXBuildFile; productRef = 5D357B762E5FEBBF000A59EA /* SwiftyTesseract */; };
		5D357B792E5FED87000A59EA /* tessdata in Resources */ = {isa = PBXBuildFile; fileRef = 5D357B782E5FED86000A59EA /* tessdata */; };
		5D393FB82E62718A00CB2FB1 /* JapaneseTokenizer.swift in Sources */ = {isa = PBXBuildFile; fileRef = 5D393FB72E62718A00CB2FB1 /* JapaneseTokenizer.swift */; };
		5D393FBB2E62720200CB2FB1 /* WordButton.swift in Sources */ = {isa = PBXBuildFile; fileRef = 5D393FBA2E62720200CB2FB1 /* WordButton.swift */; };
		5D393FC62E6273D400CB2FB1 /* Token.swift in Sources */ = {isa = PBXBuildFile; fileRef = 5D393FC52E6273D400CB2FB1 /* Token.swift */; };
		5D393FC82E6273F500CB2FB1 /* TokenizerProtocol.swift in Sources */ = {isa = PBXBuildFile; fileRef = 5D393FC72E6273F500CB2FB1 /* TokenizerProtocol.swift */; };
		5D393FCA2E62802E00CB2FB1 /* TokenFooterViewModel.swift in Sources */ = {isa = PBXBuildFile; fileRef = 5D393FC92E62802E00CB2FB1 /* TokenFooterViewModel.swift */; };
		5D393FCC2E62804300CB2FB1 /* TokenFooterView.swift in Sources */ = {isa = PBXBuildFile; fileRef = 5D393FCB2E62804300CB2FB1 /* TokenFooterView.swift */; };
		5D393FCE2E62831F00CB2FB1 /* TokenizerHandler.swift in Sources */ = {isa = PBXBuildFile; fileRef = 5D393FCD2E62831F00CB2FB1 /* TokenizerHandler.swift */; };
		5D393FD02E62B8E600CB2FB1 /* KeyboardAdaptive.swift in Sources */ = {isa = PBXBuildFile; fileRef = 5D393FCF2E62B8E600CB2FB1 /* KeyboardAdaptive.swift */; };
		5D3AEEED2E6621DC00ED324E /* TutorialView.swift in Sources */ = {isa = PBXBuildFile; fileRef = 5D3AEEEC2E6621DC00ED324E /* TutorialView.swift */; };
		5D3AEEEF2E66220700ED324E /* TutorialManager.swift in Sources */ = {isa = PBXBuildFile; fileRef = 5D3AEEEE2E66220700ED324E /* TutorialManager.swift */; };
		5D6E1E3F2E63814900414F9C /* KoreanTokenizer.swift in Sources */ = {isa = PBXBuildFile; fileRef = 5D6E1E3E2E63814900414F9C /* KoreanTokenizer.swift */; };
		5D6E1E412E638CE200414F9C /* DictionaryWebView.swift in Sources */ = {isa = PBXBuildFile; fileRef = 5D6E1E402E638CE200414F9C /* DictionaryWebView.swift */; };
		5D7460592E63ECD400D5A5FF /* LiveTextImageView.swift in Sources */ = {isa = PBXBuildFile; fileRef = 5D7460582E63ECD400D5A5FF /* LiveTextImageView.swift */; };
		5D8D27692E62D08A004C806A /* JapaneseUtils.swift in Sources */ = {isa = PBXBuildFile; fileRef = 5D8D27682E62D08A004C806A /* JapaneseUtils.swift */; };
		5DC70BD32E64C05F00FA99AD /* VietnameseTokenizer.swift in Sources */ = {isa = PBXBuildFile; fileRef = 5DC70BD22E64C05F00FA99AD /* VietnameseTokenizer.swift */; };
		5DC70BD62E64C06D00FA99AD /* vietnamese_syllables.txt in Resources */ = {isa = PBXBuildFile; fileRef = 5DC70BD42E64C06D00FA99AD /* vietnamese_syllables.txt */; };
		5DC70BD72E64C06D00FA99AD /* vietnamese_wordlist.txt in Resources */ = {isa = PBXBuildFile; fileRef = 5DC70BD52E64C06D00FA99AD /* vietnamese_wordlist.txt */; };
		5DC70BD92E64CF5400FA99AD /* TextCleaner.swift in Sources */ = {isa = PBXBuildFile; fileRef = 5DC70BD82E64CF5400FA99AD /* TextCleaner.swift */; };
/* End PBXBuildFile section */

/* Begin PBXFileReference section */
		5D357B122E5F575B000A59EA /* LinguaGlass.app */ = {isa = PBXFileReference; explicitFileType = wrapper.application; includeInIndex = 0; path = LinguaGlass.app; sourceTree = BUILT_PRODUCTS_DIR; };
		5D357B152E5F575B000A59EA /* LinguaGlassApp.swift */ = {isa = PBXFileReference; lastKnownFileType = sourcecode.swift; path = LinguaGlassApp.swift; sourceTree = "<group>"; };
		5D357B172E5F575B000A59EA /* MainView.swift */ = {isa = PBXFileReference; lastKnownFileType = sourcecode.swift; path = MainView.swift; sourceTree = "<group>"; };
		5D357B192E5F575E000A59EA /* Assets.xcassets */ = {isa = PBXFileReference; lastKnownFileType = folder.assetcatalog; path = Assets.xcassets; sourceTree = "<group>"; };
		5D357B1C2E5F575E000A59EA /* Preview Assets.xcassets */ = {isa = PBXFileReference; lastKnownFileType = folder.assetcatalog; path = "Preview Assets.xcassets"; sourceTree = "<group>"; };
		5D357B262E5F6737000A59EA /* WebPage.swift */ = {isa = PBXFileReference; lastKnownFileType = sourcecode.swift; path = WebPage.swift; sourceTree = "<group>"; };
		5D357B282E5F675E000A59EA /* WebBrowserState.swift */ = {isa = PBXFileReference; lastKnownFileType = sourcecode.swift; path = WebBrowserState.swift; sourceTree = "<group>"; };
		5D357B2A2E5F6795000A59EA /* WebBrowserViewModel.swift */ = {isa = PBXFileReference; lastKnownFileType = sourcecode.swift; path = WebBrowserViewModel.swift; sourceTree = "<group>"; };
		5D357B2C2E5F67DF000A59EA /* WebPersistanceService.swift */ = {isa = PBXFileReference; lastKnownFileType = sourcecode.swift; path = WebPersistanceService.swift; sourceTree = "<group>"; };
		5D357B2E2E5F6830000A59EA /* WebBrowserView.swift */ = {isa = PBXFileReference; lastKnownFileType = sourcecode.swift; path = WebBrowserView.swift; sourceTree = "<group>"; };
		5D357B3D2E5F8961000A59EA /* HeaderView.swift */ = {isa = PBXFileReference; lastKnownFileType = sourcecode.swift; path = HeaderView.swift; sourceTree = "<group>"; };
		5D357B3F2E5F8981000A59EA /* HeaderViewModel.swift */ = {isa = PBXFileReference; lastKnownFileType = sourcecode.swift; path = HeaderViewModel.swift; sourceTree = "<group>"; };
		5D357B412E5F9ABC000A59EA /* SettingsModels.swift */ = {isa = PBXFileReference; lastKnownFileType = sourcecode.swift; path = SettingsModels.swift; sourceTree = "<group>"; };
		5D357B472E5FBAD6000A59EA /* SettingsViewModel.swift */ = {isa = PBXFileReference; lastKnownFileType = sourcecode.swift; path = SettingsViewModel.swift; sourceTree = "<group>"; };
		5D357B492E5FBB6B000A59EA /* SettingsView.swift */ = {isa = PBXFileReference; lastKnownFileType = sourcecode.swift; path = SettingsView.swift; sourceTree = "<group>"; };
		5D357B642E5FE110000A59EA /* OCROptions.swift */ = {isa = PBXFileReference; lastKnownFileType = sourcecode.swift; path = OCROptions.swift; sourceTree = "<group>"; };
		5D357B662E5FE195000A59EA /* OCRSelectionOverlayView.swift */ = {isa = PBXFileReference; lastKnownFileType = sourcecode.swift; path = OCRSelectionOverlayView.swift; sourceTree = "<group>"; };
		5D357B682E5FE1F5000A59EA /* OCRGestureHandler.swift */ = {isa = PBXFileReference; lastKnownFileType = sourcecode.swift; path = OCRGestureHandler.swift; sourceTree = "<group>"; };
		5D357B6A2E5FE27A000A59EA /* OCRCaptureService.swift */ = {isa = PBXFileReference; lastKnownFileType = sourcecode.swift; path = OCRCaptureService.swift; sourceTree = "<group>"; };
		5D357B6C2E5FE29D000A59EA /* ImageOCR.swift */ = {isa = PBXFileReference; lastKnownFileType = sourcecode.swift; path = ImageOCR.swift; sourceTree = "<group>"; };
		5D357B6E2E5FE306000A59EA /* OCRService.swift */ = {isa = PBXFileReference; lastKnownFileType = sourcecode.swift; path = OCRService.swift; sourceTree = "<group>"; };
		5D357B712E5FEA76000A59EA /* Tesseract+PageSegmentation.swift */ = {isa = PBXFileReference; lastKnownFileType = sourcecode.swift; path = "Tesseract+PageSegmentation.swift"; sourceTree = "<group>"; };
		5D357B732E5FEAAA000A59EA /* TesseractOCR.swift */ = {isa = PBXFileReference; lastKnownFileType = sourcecode.swift; path = TesseractOCR.swift; sourceTree = "<group>"; };
		5D357B782E5FED86000A59EA /* tessdata */ = {isa = PBXFileReference; lastKnownFileType = folder; path = tessdata; sourceTree = "<group>"; };
		5D393FB72E62718A00CB2FB1 /* JapaneseTokenizer.swift */ = {isa = PBXFileReference; lastKnownFileType = sourcecode.swift; path = JapaneseTokenizer.swift; sourceTree = "<group>"; };
		5D393FBA2E62720200CB2FB1 /* WordButton.swift */ = {isa = PBXFileReference; lastKnownFileType = sourcecode.swift; path = WordButton.swift; sourceTree = "<group>"; };
		5D393FC52E6273D400CB2FB1 /* Token.swift */ = {isa = PBXFileReference; lastKnownFileType = sourcecode.swift; path = Token.swift; sourceTree = "<group>"; };
		5D393FC72E6273F500CB2FB1 /* TokenizerProtocol.swift */ = {isa = PBXFileReference; lastKnownFileType = sourcecode.swift; path = TokenizerProtocol.swift; sourceTree = "<group>"; };
		5D393FC92E62802E00CB2FB1 /* TokenFooterViewModel.swift */ = {isa = PBXFileReference; lastKnownFileType = sourcecode.swift; path = TokenFooterViewModel.swift; sourceTree = "<group>"; };
		5D393FCB2E62804300CB2FB1 /* TokenFooterView.swift */ = {isa = PBXFileReference; lastKnownFileType = sourcecode.swift; path = TokenFooterView.swift; sourceTree = "<group>"; };
		5D393FCD2E62831F00CB2FB1 /* TokenizerHandler.swift */ = {isa = PBXFileReference; lastKnownFileType = sourcecode.swift; path = TokenizerHandler.swift; sourceTree = "<group>"; };
		5D393FCF2E62B8E600CB2FB1 /* KeyboardAdaptive.swift */ = {isa = PBXFileReference; lastKnownFileType = sourcecode.swift; path = KeyboardAdaptive.swift; sourceTree = "<group>"; };
		5D3AEEEC2E6621DC00ED324E /* TutorialView.swift */ = {isa = PBXFileReference; lastKnownFileType = sourcecode.swift; path = TutorialView.swift; sourceTree = "<group>"; };
		5D3AEEEE2E66220700ED324E /* TutorialManager.swift */ = {isa = PBXFileReference; lastKnownFileType = sourcecode.swift; path = TutorialManager.swift; sourceTree = "<group>"; };
		5D6E1E3E2E63814900414F9C /* KoreanTokenizer.swift */ = {isa = PBXFileReference; lastKnownFileType = sourcecode.swift; path = KoreanTokenizer.swift; sourceTree = "<group>"; };
		5D6E1E402E638CE200414F9C /* DictionaryWebView.swift */ = {isa = PBXFileReference; lastKnownFileType = sourcecode.swift; path = DictionaryWebView.swift; sourceTree = "<group>"; };
		5D7460582E63ECD400D5A5FF /* LiveTextImageView.swift */ = {isa = PBXFileReference; lastKnownFileType = sourcecode.swift; path = LiveTextImageView.swift; sourceTree = "<group>"; };
		5D8D27682E62D08A004C806A /* JapaneseUtils.swift */ = {isa = PBXFileReference; lastKnownFileType = sourcecode.swift; path = JapaneseUtils.swift; sourceTree = "<group>"; };
		5DC70BD22E64C05F00FA99AD /* VietnameseTokenizer.swift */ = {isa = PBXFileReference; lastKnownFileType = sourcecode.swift; path = VietnameseTokenizer.swift; sourceTree = "<group>"; };
		5DC70BD42E64C06D00FA99AD /* vietnamese_syllables.txt */ = {isa = PBXFileReference; fileEncoding = 4; lastKnownFileType = text; path = vietnamese_syllables.txt; sourceTree = "<group>"; };
		5DC70BD52E64C06D00FA99AD /* vietnamese_wordlist.txt */ = {isa = PBXFileReference; fileEncoding = 4; lastKnownFileType = text; path = vietnamese_wordlist.txt; sourceTree = "<group>"; };
		5DC70BD82E64CF5400FA99AD /* TextCleaner.swift */ = {isa = PBXFileReference; lastKnownFileType = sourcecode.swift; path = TextCleaner.swift; sourceTree = "<group>"; };
/* End PBXFileReference section */

/* Begin PBXFrameworksBuildPhase section */
		5D357B0F2E5F575B000A59EA /* Frameworks */ = {
			isa = PBXFrameworksBuildPhase;
			buildActionMask = 2147483647;
			files = (
				5D27AF802E635A7E000E7BC2 /* CharacterFilter in Frameworks */,
				5D27AF842E635A7E000E7BC2 /* Mecab-Swift in Frameworks */,
				5D357B772E5FEBBF000A59EA /* SwiftyTesseract in Frameworks */,
				5D27AF862E635A7E000E7BC2 /* StringTools in Frameworks */,
				5D27AF822E635A7E000E7BC2 /* IPADic in Frameworks */,
			);
			runOnlyForDeploymentPostprocessing = 0;
		};
/* End PBXFrameworksBuildPhase section */

/* Begin PBXGroup section */
		5D357B092E5F575B000A59EA = {
			isa = PBXGroup;
			children = (
				5D357B142E5F575B000A59EA /* LinguaGlass */,
				5D357B132E5F575B000A59EA /* Products */,
			);
			sourceTree = "<group>";
		};
		5D357B132E5F575B000A59EA /* Products */ = {
			isa = PBXGroup;
			children = (
				5D357B122E5F575B000A59EA /* LinguaGlass.app */,
			);
			name = Products;
			sourceTree = "<group>";
		};
		5D357B142E5F575B000A59EA /* LinguaGlass */ = {
			isa = PBXGroup;
			children = (
				5D357B152E5F575B000A59EA /* LinguaGlassApp.swift */,
				5D357B242E5F63EB000A59EA /* Model+Service */,
				5D357B232E5F63C5000A59EA /* View */,
				5D357B252E5F645D000A59EA /* ViewModel */,
				5D357B192E5F575E000A59EA /* Assets.xcassets */,
				5D357B1B2E5F575E000A59EA /* Preview Content */,
			);
			path = LinguaGlass;
			sourceTree = "<group>";
		};
		5D357B1B2E5F575E000A59EA /* Preview Content */ = {
			isa = PBXGroup;
			children = (
				5D357B1C2E5F575E000A59EA /* Preview Assets.xcassets */,
			);
			path = "Preview Content";
			sourceTree = "<group>";
		};
		5D357B232E5F63C5000A59EA /* View */ = {
			isa = PBXGroup;
			children = (
				5D3AEEEB2E6621CF00ED324E /* Tutorial */,
				5D357B172E5F575B000A59EA /* MainView.swift */,
				5D357B2E2E5F6830000A59EA /* WebBrowserView.swift */,
				5D357B3D2E5F8961000A59EA /* HeaderView.swift */,
				5D357B492E5FBB6B000A59EA /* SettingsView.swift */,
				5D7460582E63ECD400D5A5FF /* LiveTextImageView.swift */,
				5D6E1E3D2E63810600414F9C /* OCRView */,
				5D6E1E3C2E6380E700414F9C /* FooterView */,
			);
			path = View;
			sourceTree = "<group>";
		};
		5D357B242E5F63EB000A59EA /* Model+Service */ = {
			isa = PBXGroup;
			children = (
				5D357B632E5FE104000A59EA /* OCR */,
				5D357B322E5F7EFD000A59EA /* WebBrowser */,
				5D393FB12E62536800CB2FB1 /* Tokenizer */,
				5D357B412E5F9ABC000A59EA /* SettingsModels.swift */,
			);
			path = "Model+Service";
			sourceTree = "<group>";
		};
		5D357B252E5F645D000A59EA /* ViewModel */ = {
			isa = PBXGroup;
			children = (
				5D357B2A2E5F6795000A59EA /* WebBrowserViewModel.swift */,
				5D357B3F2E5F8981000A59EA /* HeaderViewModel.swift */,
				5D357B472E5FBAD6000A59EA /* SettingsViewModel.swift */,
				5D393FC92E62802E00CB2FB1 /* TokenFooterViewModel.swift */,
			);
			path = ViewModel;
			sourceTree = "<group>";
		};
		5D357B322E5F7EFD000A59EA /* WebBrowser */ = {
			isa = PBXGroup;
			children = (
				5D357B262E5F6737000A59EA /* WebPage.swift */,
				5D357B282E5F675E000A59EA /* WebBrowserState.swift */,
				5D357B2C2E5F67DF000A59EA /* WebPersistanceService.swift */,
			);
			path = WebBrowser;
			sourceTree = "<group>";
		};
		5D357B632E5FE104000A59EA /* OCR */ = {
			isa = PBXGroup;
			children = (
				5D357B642E5FE110000A59EA /* OCROptions.swift */,
				5D357B6A2E5FE27A000A59EA /* OCRCaptureService.swift */,
				5D357B6C2E5FE29D000A59EA /* ImageOCR.swift */,
				5D357B6E2E5FE306000A59EA /* OCRService.swift */,
				5D357B702E5FEA49000A59EA /* TesseractOCR */,
			);
			path = OCR;
			sourceTree = "<group>";
		};
		5D357B702E5FEA49000A59EA /* TesseractOCR */ = {
			isa = PBXGroup;
			children = (
				5D357B782E5FED86000A59EA /* tessdata */,
				5D357B712E5FEA76000A59EA /* Tesseract+PageSegmentation.swift */,
				5D357B732E5FEAAA000A59EA /* TesseractOCR.swift */,
			);
			path = TesseractOCR;
			sourceTree = "<group>";
		};
		5D393FB12E62536800CB2FB1 /* Tokenizer */ = {
			isa = PBXGroup;
			children = (
				5D393FC52E6273D400CB2FB1 /* Token.swift */,
				5D393FC72E6273F500CB2FB1 /* TokenizerProtocol.swift */,
				5DC70BD82E64CF5400FA99AD /* TextCleaner.swift */,
				5D393FCD2E62831F00CB2FB1 /* TokenizerHandler.swift */,
				5D393FB22E62537200CB2FB1 /* JapaneseTokenizer */,
				5D6E1E3A2E6380B000414F9C /* KoreanTokenizer */,
				5D6E1E3B2E6380C500414F9C /* VietnameseTokenizer */,
			);
			path = Tokenizer;
			sourceTree = "<group>";
		};
		5D393FB22E62537200CB2FB1 /* JapaneseTokenizer */ = {
			isa = PBXGroup;
			children = (
				5D393FB72E62718A00CB2FB1 /* JapaneseTokenizer.swift */,
				5D8D27682E62D08A004C806A /* JapaneseUtils.swift */,
			);
			path = JapaneseTokenizer;
			sourceTree = "<group>";
		};
		5D3AEEEB2E6621CF00ED324E /* Tutorial */ = {
			isa = PBXGroup;
			children = (
				5D3AEEEC2E6621DC00ED324E /* TutorialView.swift */,
				5D3AEEEE2E66220700ED324E /* TutorialManager.swift */,
			);
			path = Tutorial;
			sourceTree = "<group>";
		};
		5D6E1E3A2E6380B000414F9C /* KoreanTokenizer */ = {
			isa = PBXGroup;
			children = (
				5D6E1E3E2E63814900414F9C /* KoreanTokenizer.swift */,
			);
			path = KoreanTokenizer;
			sourceTree = "<group>";
		};
		5D6E1E3B2E6380C500414F9C /* VietnameseTokenizer */ = {
			isa = PBXGroup;
			children = (
				5DC70BD22E64C05F00FA99AD /* VietnameseTokenizer.swift */,
				5DC70BD42E64C06D00FA99AD /* vietnamese_syllables.txt */,
				5DC70BD52E64C06D00FA99AD /* vietnamese_wordlist.txt */,
			);
			path = VietnameseTokenizer;
			sourceTree = "<group>";
		};
		5D6E1E3C2E6380E700414F9C /* FooterView */ = {
			isa = PBXGroup;
			children = (
				5D393FBA2E62720200CB2FB1 /* WordButton.swift */,
				5D393FCB2E62804300CB2FB1 /* TokenFooterView.swift */,
				5D393FCF2E62B8E600CB2FB1 /* KeyboardAdaptive.swift */,
				5D6E1E402E638CE200414F9C /* DictionaryWebView.swift */,
			);
			path = FooterView;
			sourceTree = "<group>";
		};
		5D6E1E3D2E63810600414F9C /* OCRView */ = {
			isa = PBXGroup;
			children = (
				5D357B662E5FE195000A59EA /* OCRSelectionOverlayView.swift */,
				5D357B682E5FE1F5000A59EA /* OCRGestureHandler.swift */,
			);
			path = OCRView;
			sourceTree = "<group>";
		};
/* End PBXGroup section */

/* Begin PBXNativeTarget section */
		5D357B112E5F575B000A59EA /* LinguaGlass */ = {
			isa = PBXNativeTarget;
			buildConfigurationList = 5D357B202E5F575E000A59EA /* Build configuration list for PBXNativeTarget "LinguaGlass" */;
			buildPhases = (
				5D357B0E2E5F575B000A59EA /* Sources */,
				5D357B0F2E5F575B000A59EA /* Frameworks */,
				5D357B102E5F575B000A59EA /* Resources */,
			);
			buildRules = (
			);
			dependencies = (
			);
			name = LinguaGlass;
			packageProductDependencies = (
				5D357B762E5FEBBF000A59EA /* SwiftyTesseract */,
				5D27AF7F2E635A7E000E7BC2 /* CharacterFilter */,
				5D27AF812E635A7E000E7BC2 /* IPADic */,
				5D27AF832E635A7E000E7BC2 /* Mecab-Swift */,
				5D27AF852E635A7E000E7BC2 /* StringTools */,
			);
			productName = LinguaGlass;
			productReference = 5D357B122E5F575B000A59EA /* LinguaGlass.app */;
			productType = "com.apple.product-type.application";
		};
/* End PBXNativeTarget section */

/* Begin PBXProject section */
		5D357B0A2E5F575B000A59EA /* Project object */ = {
			isa = PBXProject;
			attributes = {
				BuildIndependentTargetsInParallel = 1;
				LastSwiftUpdateCheck = 1520;
				LastUpgradeCheck = 1520;
				TargetAttributes = {
					5D357B112E5F575B000A59EA = {
						CreatedOnToolsVersion = 15.2;
					};
				};
			};
			buildConfigurationList = 5D357B0D2E5F575B000A59EA /* Build configuration list for PBXProject "LinguaGlass" */;
			compatibilityVersion = "Xcode 14.0";
			developmentRegion = en;
			hasScannedForEncodings = 0;
			knownRegions = (
				en,
				Base,
			);
			mainGroup = 5D357B092E5F575B000A59EA;
			packageReferences = (
				5D357B752E5FEBBF000A59EA /* XCRemoteSwiftPackageReference "SwiftyTesseract" */,
				5D27AF7E2E635A7E000E7BC2 /* XCRemoteSwiftPackageReference "Mecab-Swift" */,
			);
			productRefGroup = 5D357B132E5F575B000A59EA /* Products */;
			projectDirPath = "";
			projectRoot = "";
			targets = (
				5D357B112E5F575B000A59EA /* LinguaGlass */,
			);
		};
/* End PBXProject section */

/* Begin PBXResourcesBuildPhase section */
		5D357B102E5F575B000A59EA /* Resources */ = {
			isa = PBXResourcesBuildPhase;
			buildActionMask = 2147483647;
			files = (
				5D357B1D2E5F575E000A59EA /* Preview Assets.xcassets in Resources */,
				5DC70BD72E64C06D00FA99AD /* vietnamese_wordlist.txt in Resources */,
				5DC70BD62E64C06D00FA99AD /* vietnamese_syllables.txt in Resources */,
				5D357B1A2E5F575E000A59EA /* Assets.xcassets in Resources */,
				5D357B792E5FED87000A59EA /* tessdata in Resources */,
			);
			runOnlyForDeploymentPostprocessing = 0;
		};
/* End PBXResourcesBuildPhase section */

/* Begin PBXSourcesBuildPhase section */
		5D357B0E2E5F575B000A59EA /* Sources */ = {
			isa = PBXSourcesBuildPhase;
			buildActionMask = 2147483647;
			files = (
				5D357B6B2E5FE27A000A59EA /* OCRCaptureService.swift in Sources */,
				5D393FC62E6273D400CB2FB1 /* Token.swift in Sources */,
				5D357B6D2E5FE29D000A59EA /* ImageOCR.swift in Sources */,
				5D393FBB2E62720200CB2FB1 /* WordButton.swift in Sources */,
				5DC70BD32E64C05F00FA99AD /* VietnameseTokenizer.swift in Sources */,
				5D357B182E5F575B000A59EA /* MainView.swift in Sources */,
				5D7460592E63ECD400D5A5FF /* LiveTextImageView.swift in Sources */,
				5D357B722E5FEA76000A59EA /* Tesseract+PageSegmentation.swift in Sources */,
				5D357B2B2E5F6795000A59EA /* WebBrowserViewModel.swift in Sources */,
				5D393FCC2E62804300CB2FB1 /* TokenFooterView.swift in Sources */,
				5D357B6F2E5FE306000A59EA /* OCRService.swift in Sources */,
				5D357B2D2E5F67DF000A59EA /* WebPersistanceService.swift in Sources */,
				5D393FB82E62718A00CB2FB1 /* JapaneseTokenizer.swift in Sources */,
				5D357B162E5F575B000A59EA /* LinguaGlassApp.swift in Sources */,
				5D357B422E5F9ABC000A59EA /* SettingsModels.swift in Sources */,
				5D393FCE2E62831F00CB2FB1 /* TokenizerHandler.swift in Sources */,
				5D357B272E5F6737000A59EA /* WebPage.swift in Sources */,
				5D357B402E5F8981000A59EA /* HeaderViewModel.swift in Sources */,
				5D357B2F2E5F6830000A59EA /* WebBrowserView.swift in Sources */,
				5D357B482E5FBAD6000A59EA /* SettingsViewModel.swift in Sources */,
				5D393FD02E62B8E600CB2FB1 /* KeyboardAdaptive.swift in Sources */,
				5D357B692E5FE1F5000A59EA /* OCRGestureHandler.swift in Sources */,
				5D357B4A2E5FBB6B000A59EA /* SettingsView.swift in Sources */,
				5D357B652E5FE110000A59EA /* OCROptions.swift in Sources */,
				5D393FC82E6273F500CB2FB1 /* TokenizerProtocol.swift in Sources */,
				5D6E1E412E638CE200414F9C /* DictionaryWebView.swift in Sources */,
				5D357B672E5FE195000A59EA /* OCRSelectionOverlayView.swift in Sources */,
				5DC70BD92E64CF5400FA99AD /* TextCleaner.swift in Sources */,
				5D3AEEED2E6621DC00ED324E /* TutorialView.swift in Sources */,
				5D357B292E5F675E000A59EA /* WebBrowserState.swift in Sources */,
				5D6E1E3F2E63814900414F9C /* KoreanTokenizer.swift in Sources */,
				5D3AEEEF2E66220700ED324E /* TutorialManager.swift in Sources */,
				5D357B3E2E5F8961000A59EA /* HeaderView.swift in Sources */,
				5D357B742E5FEAAA000A59EA /* TesseractOCR.swift in Sources */,
				5D8D27692E62D08A004C806A /* JapaneseUtils.swift in Sources */,
				5D393FCA2E62802E00CB2FB1 /* TokenFooterViewModel.swift in Sources */,
			);
			runOnlyForDeploymentPostprocessing = 0;
		};
/* End PBXSourcesBuildPhase section */

/* Begin XCBuildConfiguration section */
		5D357B1E2E5F575E000A59EA /* Debug */ = {
			isa = XCBuildConfiguration;
			buildSettings = {
				ALWAYS_SEARCH_USER_PATHS = NO;
				ASSETCATALOG_COMPILER_GENERATE_SWIFT_ASSET_SYMBOL_EXTENSIONS = YES;
				CLANG_ANALYZER_NONNULL = YES;
				CLANG_ANALYZER_NUMBER_OBJECT_CONVERSION = YES_AGGRESSIVE;
				CLANG_CXX_LANGUAGE_STANDARD = "gnu++20";
				CLANG_ENABLE_MODULES = YES;
				CLANG_ENABLE_OBJC_ARC = YES;
				CLANG_ENABLE_OBJC_WEAK = YES;
				CLANG_WARN_BLOCK_CAPTURE_AUTORELEASING = YES;
				CLANG_WARN_BOOL_CONVERSION = YES;
				CLANG_WARN_COMMA = YES;
				CLANG_WARN_CONSTANT_CONVERSION = YES;
				CLANG_WARN_DEPRECATED_OBJC_IMPLEMENTATIONS = YES;
				CLANG_WARN_DIRECT_OBJC_ISA_USAGE = YES_ERROR;
				CLANG_WARN_DOCUMENTATION_COMMENTS = YES;
				CLANG_WARN_EMPTY_BODY = YES;
				CLANG_WARN_ENUM_CONVERSION = YES;
				CLANG_WARN_INFINITE_RECURSION = YES;
				CLANG_WARN_INT_CONVERSION = YES;
				CLANG_WARN_NON_LITERAL_NULL_CONVERSION = YES;
				CLANG_WARN_OBJC_IMPLICIT_RETAIN_SELF = YES;
				CLANG_WARN_OBJC_LITERAL_CONVERSION = YES;
				CLANG_WARN_OBJC_ROOT_CLASS = YES_ERROR;
				CLANG_WARN_QUOTED_INCLUDE_IN_FRAMEWORK_HEADER = YES;
				CLANG_WARN_RANGE_LOOP_ANALYSIS = YES;
				CLANG_WARN_STRICT_PROTOTYPES = YES;
				CLANG_WARN_SUSPICIOUS_MOVE = YES;
				CLANG_WARN_UNGUARDED_AVAILABILITY = YES_AGGRESSIVE;
				CLANG_WARN_UNREACHABLE_CODE = YES;
				CLANG_WARN__DUPLICATE_METHOD_MATCH = YES;
				COPY_PHASE_STRIP = NO;
				DEBUG_INFORMATION_FORMAT = dwarf;
				ENABLE_STRICT_OBJC_MSGSEND = YES;
				ENABLE_TESTABILITY = YES;
				ENABLE_USER_SCRIPT_SANDBOXING = YES;
				GCC_C_LANGUAGE_STANDARD = gnu17;
				GCC_DYNAMIC_NO_PIC = NO;
				GCC_NO_COMMON_BLOCKS = YES;
				GCC_OPTIMIZATION_LEVEL = 0;
				GCC_PREPROCESSOR_DEFINITIONS = (
					"DEBUG=1",
					"$(inherited)",
				);
				GCC_WARN_64_TO_32_BIT_CONVERSION = YES;
				GCC_WARN_ABOUT_RETURN_TYPE = YES_ERROR;
				GCC_WARN_UNDECLARED_SELECTOR = YES;
				GCC_WARN_UNINITIALIZED_AUTOS = YES_AGGRESSIVE;
				GCC_WARN_UNUSED_FUNCTION = YES;
				GCC_WARN_UNUSED_VARIABLE = YES;
				IPHONEOS_DEPLOYMENT_TARGET = 17.2;
				LOCALIZATION_PREFERS_STRING_CATALOGS = YES;
				MTL_ENABLE_DEBUG_INFO = INCLUDE_SOURCE;
				MTL_FAST_MATH = YES;
				ONLY_ACTIVE_ARCH = YES;
				SDKROOT = iphoneos;
				SWIFT_ACTIVE_COMPILATION_CONDITIONS = "DEBUG $(inherited)";
				SWIFT_OPTIMIZATION_LEVEL = "-Onone";
			};
			name = Debug;
		};
		5D357B1F2E5F575E000A59EA /* Release */ = {
			isa = XCBuildConfiguration;
			buildSettings = {
				ALWAYS_SEARCH_USER_PATHS = NO;
				ASSETCATALOG_COMPILER_GENERATE_SWIFT_ASSET_SYMBOL_EXTENSIONS = YES;
				CLANG_ANALYZER_NONNULL = YES;
				CLANG_ANALYZER_NUMBER_OBJECT_CONVERSION = YES_AGGRESSIVE;
				CLANG_CXX_LANGUAGE_STANDARD = "gnu++20";
				CLANG_ENABLE_MODULES = YES;
				CLANG_ENABLE_OBJC_ARC = YES;
				CLANG_ENABLE_OBJC_WEAK = YES;
				CLANG_WARN_BLOCK_CAPTURE_AUTORELEASING = YES;
				CLANG_WARN_BOOL_CONVERSION = YES;
				CLANG_WARN_COMMA = YES;
				CLANG_WARN_CONSTANT_CONVERSION = YES;
				CLANG_WARN_DEPRECATED_OBJC_IMPLEMENTATIONS = YES;
				CLANG_WARN_DIRECT_OBJC_ISA_USAGE = YES_ERROR;
				CLANG_WARN_DOCUMENTATION_COMMENTS = YES;
				CLANG_WARN_EMPTY_BODY = YES;
				CLANG_WARN_ENUM_CONVERSION = YES;
				CLANG_WARN_INFINITE_RECURSION = YES;
				CLANG_WARN_INT_CONVERSION = YES;
				CLANG_WARN_NON_LITERAL_NULL_CONVERSION = YES;
				CLANG_WARN_OBJC_IMPLICIT_RETAIN_SELF = YES;
				CLANG_WARN_OBJC_LITERAL_CONVERSION = YES;
				CLANG_WARN_OBJC_ROOT_CLASS = YES_ERROR;
				CLANG_WARN_QUOTED_INCLUDE_IN_FRAMEWORK_HEADER = YES;
				CLANG_WARN_RANGE_LOOP_ANALYSIS = YES;
				CLANG_WARN_STRICT_PROTOTYPES = YES;
				CLANG_WARN_SUSPICIOUS_MOVE = YES;
				CLANG_WARN_UNGUARDED_AVAILABILITY = YES_AGGRESSIVE;
				CLANG_WARN_UNREACHABLE_CODE = YES;
				CLANG_WARN__DUPLICATE_METHOD_MATCH = YES;
				COPY_PHASE_STRIP = NO;
				DEBUG_INFORMATION_FORMAT = "dwarf-with-dsym";
				ENABLE_NS_ASSERTIONS = NO;
				ENABLE_STRICT_OBJC_MSGSEND = YES;
				ENABLE_USER_SCRIPT_SANDBOXING = YES;
				GCC_C_LANGUAGE_STANDARD = gnu17;
				GCC_NO_COMMON_BLOCKS = YES;
				GCC_WARN_64_TO_32_BIT_CONVERSION = YES;
				GCC_WARN_ABOUT_RETURN_TYPE = YES_ERROR;
				GCC_WARN_UNDECLARED_SELECTOR = YES;
				GCC_WARN_UNINITIALIZED_AUTOS = YES_AGGRESSIVE;
				GCC_WARN_UNUSED_FUNCTION = YES;
				GCC_WARN_UNUSED_VARIABLE = YES;
				IPHONEOS_DEPLOYMENT_TARGET = 17.2;
				LOCALIZATION_PREFERS_STRING_CATALOGS = YES;
				MTL_ENABLE_DEBUG_INFO = NO;
				MTL_FAST_MATH = YES;
				SDKROOT = iphoneos;
				SWIFT_COMPILATION_MODE = wholemodule;
				VALIDATE_PRODUCT = YES;
			};
			name = Release;
		};
		5D357B212E5F575E000A59EA /* Debug */ = {
			isa = XCBuildConfiguration;
			buildSettings = {
				ASSETCATALOG_COMPILER_APPICON_NAME = AppIcon;
				ASSETCATALOG_COMPILER_GLOBAL_ACCENT_COLOR_NAME = AccentColor;
				CODE_SIGN_STYLE = Automatic;
				CURRENT_PROJECT_VERSION = 1;
				DEVELOPMENT_ASSET_PATHS = "\"LinguaGlass/Preview Content\"";
				DEVELOPMENT_TEAM = TU8HRLAMCZ;
				ENABLE_PREVIEWS = YES;
				GENERATE_INFOPLIST_FILE = YES;
				INFOPLIST_KEY_UIApplicationSceneManifest_Generation = YES;
				INFOPLIST_KEY_UIApplicationSupportsIndirectInputEvents = YES;
				INFOPLIST_KEY_UILaunchScreen_Generation = YES;
				INFOPLIST_KEY_UISupportedInterfaceOrientations = UIInterfaceOrientationPortrait;
				INFOPLIST_KEY_UISupportedInterfaceOrientations_iPad = "UIInterfaceOrientationLandscapeLeft UIInterfaceOrientationLandscapeRight UIInterfaceOrientationPortrait UIInterfaceOrientationPortraitUpsideDown";
				IPHONEOS_DEPLOYMENT_TARGET = 18.0;
				LD_RUNPATH_SEARCH_PATHS = (
					"$(inherited)",
					"@executable_path/Frameworks",
				);
				MARKETING_VERSION = 1.0;
				PRODUCT_BUNDLE_IDENTIFIER = com.steventran.LinguaGlass;
				PRODUCT_NAME = "$(TARGET_NAME)";
				SWIFT_EMIT_LOC_STRINGS = YES;
				SWIFT_VERSION = 5.0;
				TARGETED_DEVICE_FAMILY = "1,2";
			};
			name = Debug;
		};
		5D357B222E5F575E000A59EA /* Release */ = {
			isa = XCBuildConfiguration;
			buildSettings = {
				ASSETCATALOG_COMPILER_APPICON_NAME = AppIcon;
				ASSETCATALOG_COMPILER_GLOBAL_ACCENT_COLOR_NAME = AccentColor;
				CODE_SIGN_STYLE = Automatic;
				CURRENT_PROJECT_VERSION = 1;
				DEVELOPMENT_ASSET_PATHS = "\"LinguaGlass/Preview Content\"";
				DEVELOPMENT_TEAM = TU8HRLAMCZ;
				ENABLE_PREVIEWS = YES;
				GENERATE_INFOPLIST_FILE = YES;
				INFOPLIST_KEY_UIApplicationSceneManifest_Generation = YES;
				INFOPLIST_KEY_UIApplicationSupportsIndirectInputEvents = YES;
				INFOPLIST_KEY_UILaunchScreen_Generation = YES;
				INFOPLIST_KEY_UISupportedInterfaceOrientations = UIInterfaceOrientationPortrait;
				INFOPLIST_KEY_UISupportedInterfaceOrientations_iPad = "UIInterfaceOrientationLandscapeLeft UIInterfaceOrientationLandscapeRight UIInterfaceOrientationPortrait UIInterfaceOrientationPortraitUpsideDown";
				IPHONEOS_DEPLOYMENT_TARGET = 18.0;
				LD_RUNPATH_SEARCH_PATHS = (
					"$(inherited)",
					"@executable_path/Frameworks",
				);
				MARKETING_VERSION = 1.0;
				PRODUCT_BUNDLE_IDENTIFIER = com.steventran.LinguaGlass;
				PRODUCT_NAME = "$(TARGET_NAME)";
				SWIFT_EMIT_LOC_STRINGS = YES;
				SWIFT_VERSION = 5.0;
				TARGETED_DEVICE_FAMILY = "1,2";
			};
			name = Release;
		};
/* End XCBuildConfiguration section */

/* Begin XCConfigurationList section */
		5D357B0D2E5F575B000A59EA /* Build configuration list for PBXProject "LinguaGlass" */ = {
			isa = XCConfigurationList;
			buildConfigurations = (
				5D357B1E2E5F575E000A59EA /* Debug */,
				5D357B1F2E5F575E000A59EA /* Release */,
			);
			defaultConfigurationIsVisible = 0;
			defaultConfigurationName = Release;
		};
		5D357B202E5F575E000A59EA /* Build configuration list for PBXNativeTarget "LinguaGlass" */ = {
			isa = XCConfigurationList;
			buildConfigurations = (
				5D357B212E5F575E000A59EA /* Debug */,
				5D357B222E5F575E000A59EA /* Release */,
			);
			defaultConfigurationIsVisible = 0;
			defaultConfigurationName = Release;
		};
/* End XCConfigurationList section */

/* Begin XCRemoteSwiftPackageReference section */
		5D27AF7E2E635A7E000E7BC2 /* XCRemoteSwiftPackageReference "Mecab-Swift" */ = {
			isa = XCRemoteSwiftPackageReference;
			repositoryURL = "https://github.com/shinjukunian/Mecab-Swift";
			requirement = {
				kind = upToNextMajorVersion;
				minimumVersion = 0.8.0;
			};
		};
		5D357B752E5FEBBF000A59EA /* XCRemoteSwiftPackageReference "SwiftyTesseract" */ = {
			isa = XCRemoteSwiftPackageReference;
			repositoryURL = "https://github.com/SwiftyTesseract/SwiftyTesseract";
			requirement = {
				kind = upToNextMajorVersion;
				minimumVersion = 4.0.1;
			};
		};
/* End XCRemoteSwiftPackageReference section */

/* Begin XCSwiftPackageProductDependency section */
		5D27AF7F2E635A7E000E7BC2 /* CharacterFilter */ = {
			isa = XCSwiftPackageProductDependency;
			package = 5D27AF7E2E635A7E000E7BC2 /* XCRemoteSwiftPackageReference "Mecab-Swift" */;
			productName = CharacterFilter;
		};
		5D27AF812E635A7E000E7BC2 /* IPADic */ = {
			isa = XCSwiftPackageProductDependency;
			package = 5D27AF7E2E635A7E000E7BC2 /* XCRemoteSwiftPackageReference "Mecab-Swift" */;
			productName = IPADic;
		};
		5D27AF832E635A7E000E7BC2 /* Mecab-Swift */ = {
			isa = XCSwiftPackageProductDependency;
			package = 5D27AF7E2E635A7E000E7BC2 /* XCRemoteSwiftPackageReference "Mecab-Swift" */;
			productName = "Mecab-Swift";
		};
		5D27AF852E635A7E000E7BC2 /* StringTools */ = {
			isa = XCSwiftPackageProductDependency;
			package = 5D27AF7E2E635A7E000E7BC2 /* XCRemoteSwiftPackageReference "Mecab-Swift" */;
			productName = StringTools;
		};
		5D357B762E5FEBBF000A59EA /* SwiftyTesseract */ = {
			isa = XCSwiftPackageProductDependency;
			package = 5D357B752E5FEBBF000A59EA /* XCRemoteSwiftPackageReference "SwiftyTesseract" */;
			productName = SwiftyTesseract;
		};
/* End XCSwiftPackageProductDependency section */
	};
	rootObject = 5D357B0A2E5F575B000A59EA /* Project object */;
}
